
Microsoft Visual Studio Solution File, Format Version 12.00
# Visual Studio Version 17
VisualStudioVersion = 17.10.34928.147
MinimumVisualStudioVersion = 10.0.40219.1
Project("{FAE04EC0-301F-11D3-BF4B-00C04F79EFBC}") = "ejemplo1_2749451_", "ejemplo1_2749451_\ejemplo1_2749451_.csproj", "{380520A5-E5D7-441F-9781-07679B698B99}"
EndProject
Global
	GlobalSection(SolutionConfigurationPlatforms) = preSolution
		Debug|Any CPU = Debug|Any CPU
		Release|Any CPU = Release|Any CPU
	EndGlobalSection
	GlobalSection(ProjectConfigurationPlatforms) = postSolution
		{380520A5-E5D7-441F-9781-07679B698B99}.Debug|Any CPU.ActiveCfg = Debug|Any CPU
		{380520A5-E5D7-441F-9781-07679B698B99}.Debug|Any CPU.Build.0 = Debug|Any CPU
		{380520A5-E5D7-441F-9781-07679B698B99}.Release|Any CPU.ActiveCfg = Release|Any CPU
		{380520A5-E5D7-441F-9781-07679B698B99}.Release|Any CPU.Build.0 = Release|Any CPU
	EndGlobalSection
	GlobalSection(SolutionProperties) = preSolution
		HideSolutionNode = FALSE
	EndGlobalSection
	GlobalSection(ExtensibilityGlobals) = postSolution
		SolutionGuid = {F51BF431-852C-4E9F-B4B4-2E69BA3EAD51}
	EndGlobalSection
EndGlobal
