
Microsoft Visual Studio Solution File, Format Version 12.00
# Visual Studio Version 17
VisualStudioVersion = 17.10.34928.147
MinimumVisualStudioVersion = 10.0.40219.1
Project("{FAE04EC0-301F-11D3-BF4B-00C04F79EFBC}") = "personanadadora.2749451", "personanadadora.2749451\personanadadora.2749451.csproj", "{F7586276-C039-4BD7-A0CF-869DB4F7F876}"
EndProject
Global
	GlobalSection(SolutionConfigurationPlatforms) = preSolution
		Debug|Any CPU = Debug|Any CPU
		Release|Any CPU = Release|Any CPU
	EndGlobalSection
	GlobalSection(ProjectConfigurationPlatforms) = postSolution
		{F7586276-C039-4BD7-A0CF-869DB4F7F876}.Debug|Any CPU.ActiveCfg = Debug|Any CPU
		{F7586276-C039-4BD7-A0CF-869DB4F7F876}.Debug|Any CPU.Build.0 = Debug|Any CPU
		{F7586276-C039-4BD7-A0CF-869DB4F7F876}.Release|Any CPU.ActiveCfg = Release|Any CPU
		{F7586276-C039-4BD7-A0CF-869DB4F7F876}.Release|Any CPU.Build.0 = Release|Any CPU
	EndGlobalSection
	GlobalSection(SolutionProperties) = preSolution
		HideSolutionNode = FALSE
	EndGlobalSection
	GlobalSection(ExtensibilityGlobals) = postSolution
		SolutionGuid = {39555F11-E6EF-4BBB-AAF9-E920BB19929E}
	EndGlobalSection
EndGlobal
